
Microsoft Visual Studio Solution File, Format Version 12.00
# Visual Studio 15
VisualStudioVersion = 15.0.28307.1433
MinimumVisualStudioVersion = 10.0.40219.1
Project("{FAE04EC0-301F-11D3-BF4B-00C04F79EFBC}") = "ConsoleApp5", "ConsoleApp5\ConsoleApp5.csproj", "{5287657E-184D-48B4-92E7-9500899A5BFE}"
EndProject
Global
	GlobalSection(SolutionConfigurationPlatforms) = preSolution
		Debug|Any CPU = Debug|Any CPU
		Release|Any CPU = Release|Any CPU
	EndGlobalSection
	GlobalSection(ProjectConfigurationPlatforms) = postSolution
		{5287657E-184D-48B4-92E7-9500899A5BFE}.Debug|Any CPU.ActiveCfg = Debug|Any CPU
		{5287657E-184D-48B4-92E7-9500899A5BFE}.Debug|Any CPU.Build.0 = Debug|Any CPU
		{5287657E-184D-48B4-92E7-9500899A5BFE}.Release|Any CPU.ActiveCfg = Release|Any CPU
		{5287657E-184D-48B4-92E7-9500899A5BFE}.Release|Any CPU.Build.0 = Release|Any CPU
	EndGlobalSection
	GlobalSection(SolutionProperties) = preSolution
		HideSolutionNode = FALSE
	EndGlobalSection
	GlobalSection(ExtensibilityGlobals) = postSolution
		SolutionGuid = {E6821E17-68F8-4402-A5E0-69860280469E}
	EndGlobalSection
EndGlobal
